
Microsoft Visual Studio Solution File, Format Version 12.00
# Visual Studio Version 17
VisualStudioVersion = 17.4.33122.133
MinimumVisualStudioVersion = 10.0.40219.1
Project("{FAE04EC0-301F-11D3-BF4B-00C04F79EFBC}") = "EZResizeTool", "EZResizeTool.csproj", "{BF37AAAF-5E17-442B-B642-F0269CF78553}"
EndProject
Global
	GlobalSection(SolutionConfigurationPlatforms) = preSolution
		Debug|Any CPU = Debug|Any CPU
		Release|Any CPU = Release|Any CPU
	EndGlobalSection
	GlobalSection(ProjectConfigurationPlatforms) = postSolution
		{BF37AAAF-5E17-442B-B642-F0269CF78553}.Debug|Any CPU.ActiveCfg = Debug|Any CPU
		{BF37AAAF-5E17-442B-B642-F0269CF78553}.Debug|Any CPU.Build.0 = Debug|Any CPU
		{BF37AAAF-5E17-442B-B642-F0269CF78553}.Release|Any CPU.ActiveCfg = Release|Any CPU
		{BF37AAAF-5E17-442B-B642-F0269CF78553}.Release|Any CPU.Build.0 = Release|Any CPU
	EndGlobalSection
	GlobalSection(SolutionProperties) = preSolution
		HideSolutionNode = FALSE
	EndGlobalSection
	GlobalSection(ExtensibilityGlobals) = postSolution
		SolutionGuid = {F5EECE92-CDD5-453D-B731-9D85E9BC6072}
	EndGlobalSection
EndGlobal
